# THIS IS AN AUTOGENERATED FILE. DO NOT EDIT THIS FILE DIRECTLY.
# yarn lockfile v1


"@nanostores/solid@^0.4.2":
  version "0.4.2"
  resolved "https://registry.yarnpkg.com/@nanostores/solid/-/solid-0.4.2.tgz#007d86ced3b0ee1c1d77a82aec3be41afbc6538f"
  integrity sha512-8v32+C9KdRbnvP4x4Oiw/CtL1tZwbRxYfmFsPIY9PXevCgxSFnicG6VnLLtNAR7F0kl8Ec7OROHO34Ffv0KDzg==
