code.sajari.com/word2vec v1.0.1 h1:DxP34JKBQ4v0YStYsnRE3Fm11d+ddTtZ2z2s4uSsleU=
code.sajari.com/word2vec v1.0.1/go.mod h1:Ut8mx+2Q79Js3uGW1+HtbuuUIWoGMAMCOZK06xDly00=
github.com/ziutek/blas v0.0.0-20190227122918-da4ca23e90bb h1:uWiILQloLUVdtPYr1ZZo2zqtlpzo4G8vUpglo/Fs2H8=
github.com/ziutek/blas v0.0.0-20190227122918-da4ca23e90bb/go.mod h1:J3xKssoVdrwZ2E29fIox/EKxOZWimS7AZ4fOTCFkOLo=
